
Microsoft Visual Studio Solution File, Format Version 12.00
# Visual Studio Version 17
VisualStudioVersion = 17.13.35828.75 d17.13
MinimumVisualStudioVersion = 10.0.40219.1
Project("{FAE04EC0-301F-11D3-BF4B-00C04F79EFBC}") = "LiberaryManagmentSystem", "LiberaryManagmentSystem\LiberaryManagmentSystem.csproj", "{FE78AABF-7682-47B3-8B36-CE8587BAF344}"
EndProject
Global
	GlobalSection(SolutionConfigurationPlatforms) = preSolution
		Debug|Any CPU = Debug|Any CPU
		Release|Any CPU = Release|Any CPU
	EndGlobalSection
	GlobalSection(ProjectConfigurationPlatforms) = postSolution
		{FE78AABF-7682-47B3-8B36-CE8587BAF344}.Debug|Any CPU.ActiveCfg = Debug|Any CPU
		{FE78AABF-7682-47B3-8B36-CE8587BAF344}.Debug|Any CPU.Build.0 = Debug|Any CPU
		{FE78AABF-7682-47B3-8B36-CE8587BAF344}.Release|Any CPU.ActiveCfg = Release|Any CPU
		{FE78AABF-7682-47B3-8B36-CE8587BAF344}.Release|Any CPU.Build.0 = Release|Any CPU
	EndGlobalSection
	GlobalSection(SolutionProperties) = preSolution
		HideSolutionNode = FALSE
	EndGlobalSection
	GlobalSection(ExtensibilityGlobals) = postSolution
		SolutionGuid = {D4BAD8DF-7216-44BA-863F-2DA66BF560FC}
	EndGlobalSection
EndGlobal
